
Microsoft Visual Studio Solution File, Format Version 12.00
# Visual Studio 2012
Project("{FAE04EC0-301F-11D3-BF4B-00C04F79EFBC}") = "GraphVizWrapper-MVC4Sample", "GraphVizWrapper-MVC4Sample\GraphVizWrapper-MVC4Sample.csproj", "{D468D8EC-99E6-4132-A1A8-95ED9DDB5479}"
EndProject
Global
	GlobalSection(SolutionConfigurationPlatforms) = preSolution
		Debug|Any CPU = Debug|Any CPU
		Release|Any CPU = Release|Any CPU
	EndGlobalSection
	GlobalSection(ProjectConfigurationPlatforms) = postSolution
		{D468D8EC-99E6-4132-A1A8-95ED9DDB5479}.Debug|Any CPU.ActiveCfg = Debug|Any CPU
		{D468D8EC-99E6-4132-A1A8-95ED9DDB5479}.Debug|Any CPU.Build.0 = Debug|Any CPU
		{D468D8EC-99E6-4132-A1A8-95ED9DDB5479}.Release|Any CPU.ActiveCfg = Release|Any CPU
		{D468D8EC-99E6-4132-A1A8-95ED9DDB5479}.Release|Any CPU.Build.0 = Release|Any CPU
	EndGlobalSection
	GlobalSection(SolutionProperties) = preSolution
		HideSolutionNode = FALSE
	EndGlobalSection
EndGlobal
